// !$*UTF8*$!
{
	archiveVersion = 1;
	classes = {
	};
	objectVersion = 48;
	objects = {

/* Begin PBXBuildFile section */
		0EAC0ACC937046FF9C95CCCC /* Pods_ParseChatCodePath.framework in Frameworks */ = {isa = PBXBuildFile; fileRef = 1DF1DDB94BAFDA278A084E9E /* Pods_ParseChatCodePath.framework */; };
		19160BCE1FD3383300A81172 /* AppDelegate.swift in Sources */ = {isa = PBXBuildFile; fileRef = 19160BCD1FD3383300A81172 /* AppDelegate.swift */; };
		19160BD31FD3383300A81172 /* Main.storyboard in Resources */ = {isa = PBXBuildFile; fileRef = 19160BD11FD3383300A81172 /* Main.storyboard */; };
		19160BD51FD3383300A81172 /* Assets.xcassets in Resources */ = {isa = PBXBuildFile; fileRef = 19160BD41FD3383300A81172 /* Assets.xcassets */; };
		19160BD81FD3383300A81172 /* LaunchScreen.storyboard in Resources */ = {isa = PBXBuildFile; fileRef = 19160BD61FD3383300A81172 /* LaunchScreen.storyboard */; };
		19160BE31FD3383300A81172 /* ParseChatCodePathTests.swift in Sources */ = {isa = PBXBuildFile; fileRef = 19160BE21FD3383300A81172 /* ParseChatCodePathTests.swift */; };
		19160BEE1FD3383300A81172 /* ParseChatCodePathUITests.swift in Sources */ = {isa = PBXBuildFile; fileRef = 19160BED1FD3383300A81172 /* ParseChatCodePathUITests.swift */; };
		19160BFC1FD33A2C00A81172 /* LoginViewController.swift in Sources */ = {isa = PBXBuildFile; fileRef = 19160BFB1FD33A2C00A81172 /* LoginViewController.swift */; };
		19160BFE1FD3438000A81172 /* ChatViewController.swift in Sources */ = {isa = PBXBuildFile; fileRef = 19160BFD1FD3438000A81172 /* ChatViewController.swift */; };
		19160C011FD34F7800A81172 /* ChatCell.swift in Sources */ = {isa = PBXBuildFile; fileRef = 19160C001FD34F7800A81172 /* ChatCell.swift */; };
		B482BA28BEFDE443E404BE57 /* Pods_ParseChatCodePathTests.framework in Frameworks */ = {isa = PBXBuildFile; fileRef = C79B90EA29E131110B56FAE4 /* Pods_ParseChatCodePathTests.framework */; };
		C7A2F7EAB0482B909E4C9F72 /* Pods_ParseChatCodePathUITests.framework in Frameworks */ = {isa = PBXBuildFile; fileRef = 010D86729FB9F5915F259851 /* Pods_ParseChatCodePathUITests.framework */; };
/* End PBXBuildFile section */

/* Begin PBXContainerItemProxy section */
		19160BDF1FD3383300A81172 /* PBXContainerItemProxy */ = {
			isa = PBXContainerItemProxy;
			containerPortal = 19160BC21FD3383300A81172 /* Project object */;
			proxyType = 1;
			remoteGlobalIDString = 19160BC91FD3383300A81172;
			remoteInfo = ParseChatCodePath;
		};
		19160BEA1FD3383300A81172 /* PBXContainerItemProxy */ = {
			isa = PBXContainerItemProxy;
			containerPortal = 19160BC21FD3383300A81172 /* Project object */;
			proxyType = 1;
			remoteGlobalIDString = 19160BC91FD3383300A81172;
			remoteInfo = ParseChatCodePath;
		};
/* End PBXContainerItemProxy section */

/* Begin PBXFileReference section */
		010D86729FB9F5915F259851 /* Pods_ParseChatCodePathUITests.framework */ = {isa = PBXFileReference; explicitFileType = wrapper.framework; includeInIndex = 0; path = Pods_ParseChatCodePathUITests.framework; sourceTree = BUILT_PRODUCTS_DIR; };
		04ACADEF869283610A18E5A7 /* Pods-ParseChatCodePath.release.xcconfig */ = {isa = PBXFileReference; includeInIndex = 1; lastKnownFileType = text.xcconfig; name = "Pods-ParseChatCodePath.release.xcconfig"; path = "Pods/Target Support Files/Pods-ParseChatCodePath/Pods-ParseChatCodePath.release.xcconfig"; sourceTree = "<group>"; };
		19160BCA1FD3383300A81172 /* ParseChatCodePath.app */ = {isa = PBXFileReference; explicitFileType = wrapper.application; includeInIndex = 0; path = ParseChatCodePath.app; sourceTree = BUILT_PRODUCTS_DIR; };
		19160BCD1FD3383300A81172 /* AppDelegate.swift */ = {isa = PBXFileReference; lastKnownFileType = sourcecode.swift; path = AppDelegate.swift; sourceTree = "<group>"; };
		19160BD21FD3383300A81172 /* Base */ = {isa = PBXFileReference; lastKnownFileType = file.storyboard; name = Base; path = Base.lproj/Main.storyboard; sourceTree = "<group>"; };
		19160BD41FD3383300A81172 /* Assets.xcassets */ = {isa = PBXFileReference; lastKnownFileType = folder.assetcatalog; path = Assets.xcassets; sourceTree = "<group>"; };
		19160BD71FD3383300A81172 /* Base */ = {isa = PBXFileReference; lastKnownFileType = file.storyboard; name = Base; path = Base.lproj/LaunchScreen.storyboard; sourceTree = "<group>"; };
		19160BD91FD3383300A81172 /* Info.plist */ = {isa = PBXFileReference; lastKnownFileType = text.plist.xml; path = Info.plist; sourceTree = "<group>"; };
		19160BDE1FD3383300A81172 /* ParseChatCodePathTests.xctest */ = {isa = PBXFileReference; explicitFileType = wrapper.cfbundle; includeInIndex = 0; path = ParseChatCodePathTests.xctest; sourceTree = BUILT_PRODUCTS_DIR; };
		19160BE21FD3383300A81172 /* ParseChatCodePathTests.swift */ = {isa = PBXFileReference; lastKnownFileType = sourcecode.swift; path = ParseChatCodePathTests.swift; sourceTree = "<group>"; };
		19160BE41FD3383300A81172 /* Info.plist */ = {isa = PBXFileReference; lastKnownFileType = text.plist.xml; path = Info.plist; sourceTree = "<group>"; };
		19160BE91FD3383300A81172 /* ParseChatCodePathUITests.xctest */ = {isa = PBXFileReference; explicitFileType = wrapper.cfbundle; includeInIndex = 0; path = ParseChatCodePathUITests.xctest; sourceTree = BUILT_PRODUCTS_DIR; };
		19160BED1FD3383300A81172 /* ParseChatCodePathUITests.swift */ = {isa = PBXFileReference; lastKnownFileType = sourcecode.swift; path = ParseChatCodePathUITests.swift; sourceTree = "<group>"; };
		19160BEF1FD3383300A81172 /* Info.plist */ = {isa = PBXFileReference; lastKnownFileType = text.plist.xml; path = Info.plist; sourceTree = "<group>"; };
		19160BFB1FD33A2C00A81172 /* LoginViewController.swift */ = {isa = PBXFileReference; lastKnownFileType = sourcecode.swift; path = LoginViewController.swift; sourceTree = "<group>"; };
		19160BFD1FD3438000A81172 /* ChatViewController.swift */ = {isa = PBXFileReference; lastKnownFileType = sourcecode.swift; path = ChatViewController.swift; sourceTree = "<group>"; };
		19160C001FD34F7800A81172 /* ChatCell.swift */ = {isa = PBXFileReference; lastKnownFileType = sourcecode.swift; path = ChatCell.swift; sourceTree = "<group>"; };
		1DF1DDB94BAFDA278A084E9E /* Pods_ParseChatCodePath.framework */ = {isa = PBXFileReference; explicitFileType = wrapper.framework; includeInIndex = 0; path = Pods_ParseChatCodePath.framework; sourceTree = BUILT_PRODUCTS_DIR; };
		3FEC68234FEB97308A3E997D /* Pods-ParseChatCodePathUITests.release.xcconfig */ = {isa = PBXFileReference; includeInIndex = 1; lastKnownFileType = text.xcconfig; name = "Pods-ParseChatCodePathUITests.release.xcconfig"; path = "Pods/Target Support Files/Pods-ParseChatCodePathUITests/Pods-ParseChatCodePathUITests.release.xcconfig"; sourceTree = "<group>"; };
		43BF31A49037C83CCE293370 /* Pods-ParseChatCodePathTests.release.xcconfig */ = {isa = PBXFileReference; includeInIndex = 1; lastKnownFileType = text.xcconfig; name = "Pods-ParseChatCodePathTests.release.xcconfig"; path = "Pods/Target Support Files/Pods-ParseChatCodePathTests/Pods-ParseChatCodePathTests.release.xcconfig"; sourceTree = "<group>"; };
		5E334FD2B28013A9CED9F610 /* Pods-ParseChatCodePathUITests.debug.xcconfig */ = {isa = PBXFileReference; includeInIndex = 1; lastKnownFileType = text.xcconfig; name = "Pods-ParseChatCodePathUITests.debug.xcconfig"; path = "Pods/Target Support Files/Pods-ParseChatCodePathUITests/Pods-ParseChatCodePathUITests.debug.xcconfig"; sourceTree = "<group>"; };
		77A03CB1583828F840A4F3A2 /* Pods-ParseChatCodePathTests.debug.xcconfig */ = {isa = PBXFileReference; includeInIndex = 1; lastKnownFileType = text.xcconfig; name = "Pods-ParseChatCodePathTests.debug.xcconfig"; path = "Pods/Target Support Files/Pods-ParseChatCodePathTests/Pods-ParseChatCodePathTests.debug.xcconfig"; sourceTree = "<group>"; };
		8DB31D3B5F5C9AAFE43E9A14 /* Pods-ParseChatCodePath.debug.xcconfig */ = {isa = PBXFileReference; includeInIndex = 1; lastKnownFileType = text.xcconfig; name = "Pods-ParseChatCodePath.debug.xcconfig"; path = "Pods/Target Support Files/Pods-ParseChatCodePath/Pods-ParseChatCodePath.debug.xcconfig"; sourceTree = "<group>"; };
		C79B90EA29E131110B56FAE4 /* Pods_ParseChatCodePathTests.framework */ = {isa = PBXFileReference; explicitFileType = wrapper.framework; includeInIndex = 0; path = Pods_ParseChatCodePathTests.framework; sourceTree = BUILT_PRODUCTS_DIR; };
/* End PBXFileReference section */

/* Begin PBXFrameworksBuildPhase section */
		19160BC71FD3383300A81172 /* Frameworks */ = {
			isa = PBXFrameworksBuildPhase;
			buildActionMask = 2147483647;
			files = (
				0EAC0ACC937046FF9C95CCCC /* Pods_ParseChatCodePath.framework in Frameworks */,
			);
			runOnlyForDeploymentPostprocessing = 0;
		};
		19160BDB1FD3383300A81172 /* Frameworks */ = {
			isa = PBXFrameworksBuildPhase;
			buildActionMask = 2147483647;
			files = (
				B482BA28BEFDE443E404BE57 /* Pods_ParseChatCodePathTests.framework in Frameworks */,
			);
			runOnlyForDeploymentPostprocessing = 0;
		};
		19160BE61FD3383300A81172 /* Frameworks */ = {
			isa = PBXFrameworksBuildPhase;
			buildActionMask = 2147483647;
			files = (
				C7A2F7EAB0482B909E4C9F72 /* Pods_ParseChatCodePathUITests.framework in Frameworks */,
			);
			runOnlyForDeploymentPostprocessing = 0;
		};
/* End PBXFrameworksBuildPhase section */

/* Begin PBXGroup section */
		19160BC11FD3383300A81172 = {
			isa = PBXGroup;
			children = (
				19160BCC1FD3383300A81172 /* ParseChatCodePath */,
				19160BE11FD3383300A81172 /* ParseChatCodePathTests */,
				19160BEC1FD3383300A81172 /* ParseChatCodePathUITests */,
				19160BCB1FD3383300A81172 /* Products */,
				F32831D115A2C949FA4F2E0D /* Pods */,
				F56765CA7BC86C155520370B /* Frameworks */,
			);
			sourceTree = "<group>";
		};
		19160BCB1FD3383300A81172 /* Products */ = {
			isa = PBXGroup;
			children = (
				19160BCA1FD3383300A81172 /* ParseChatCodePath.app */,
				19160BDE1FD3383300A81172 /* ParseChatCodePathTests.xctest */,
				19160BE91FD3383300A81172 /* ParseChatCodePathUITests.xctest */,
			);
			name = Products;
			sourceTree = "<group>";
		};
		19160BCC1FD3383300A81172 /* ParseChatCodePath */ = {
			isa = PBXGroup;
			children = (
				19160BFF1FD34F0100A81172 /* View Controllers */,
				19160BCD1FD3383300A81172 /* AppDelegate.swift */,
				19160BD11FD3383300A81172 /* Main.storyboard */,
				19160BD41FD3383300A81172 /* Assets.xcassets */,
				19160BD61FD3383300A81172 /* LaunchScreen.storyboard */,
				19160BD91FD3383300A81172 /* Info.plist */,
				19160C001FD34F7800A81172 /* ChatCell.swift */,
			);
			path = ParseChatCodePath;
			sourceTree = "<group>";
		};
		19160BE11FD3383300A81172 /* ParseChatCodePathTests */ = {
			isa = PBXGroup;
			children = (
				19160BE21FD3383300A81172 /* ParseChatCodePathTests.swift */,
				19160BE41FD3383300A81172 /* Info.plist */,
			);
			path = ParseChatCodePathTests;
			sourceTree = "<group>";
		};
		19160BEC1FD3383300A81172 /* ParseChatCodePathUITests */ = {
			isa = PBXGroup;
			children = (
				19160BED1FD3383300A81172 /* ParseChatCodePathUITests.swift */,
				19160BEF1FD3383300A81172 /* Info.plist */,
			);
			path = ParseChatCodePathUITests;
			sourceTree = "<group>";
		};
		19160BFF1FD34F0100A81172 /* View Controllers */ = {
			isa = PBXGroup;
			children = (
				19160BFD1FD3438000A81172 /* ChatViewController.swift */,
				19160BFB1FD33A2C00A81172 /* LoginViewController.swift */,
			);
			path = "View Controllers";
			sourceTree = "<group>";
		};
		F32831D115A2C949FA4F2E0D /* Pods */ = {
			isa = PBXGroup;
			children = (
				8DB31D3B5F5C9AAFE43E9A14 /* Pods-ParseChatCodePath.debug.xcconfig */,
				04ACADEF869283610A18E5A7 /* Pods-ParseChatCodePath.release.xcconfig */,
				77A03CB1583828F840A4F3A2 /* Pods-ParseChatCodePathTests.debug.xcconfig */,
				43BF31A49037C83CCE293370 /* Pods-ParseChatCodePathTests.release.xcconfig */,
				5E334FD2B28013A9CED9F610 /* Pods-ParseChatCodePathUITests.debug.xcconfig */,
				3FEC68234FEB97308A3E997D /* Pods-ParseChatCodePathUITests.release.xcconfig */,
			);
			name = Pods;
			sourceTree = "<group>";
		};
		F56765CA7BC86C155520370B /* Frameworks */ = {
			isa = PBXGroup;
			children = (
				1DF1DDB94BAFDA278A084E9E /* Pods_ParseChatCodePath.framework */,
				C79B90EA29E131110B56FAE4 /* Pods_ParseChatCodePathTests.framework */,
				010D86729FB9F5915F259851 /* Pods_ParseChatCodePathUITests.framework */,
			);
			name = Frameworks;
			sourceTree = "<group>";
		};
/* End PBXGroup section */

/* Begin PBXNativeTarget section */
		19160BC91FD3383300A81172 /* ParseChatCodePath */ = {
			isa = PBXNativeTarget;
			buildConfigurationList = 19160BF21FD3383300A81172 /* Build configuration list for PBXNativeTarget "ParseChatCodePath" */;
			buildPhases = (
				4EF59DC2155BBC1294294FA7 /* [CP] Check Pods Manifest.lock */,
				19160BC61FD3383300A81172 /* Sources */,
				19160BC71FD3383300A81172 /* Frameworks */,
				19160BC81FD3383300A81172 /* Resources */,
				B6E7DB318C9F40E96C6A9F57 /* [CP] Embed Pods Frameworks */,
				B5037481D5FDB81182D2F106 /* [CP] Copy Pods Resources */,
			);
			buildRules = (
			);
			dependencies = (
			);
			name = ParseChatCodePath;
			productName = ParseChatCodePath;
			productReference = 19160BCA1FD3383300A81172 /* ParseChatCodePath.app */;
			productType = "com.apple.product-type.application";
		};
		19160BDD1FD3383300A81172 /* ParseChatCodePathTests */ = {
			isa = PBXNativeTarget;
			buildConfigurationList = 19160BF51FD3383300A81172 /* Build configuration list for PBXNativeTarget "ParseChatCodePathTests" */;
			buildPhases = (
				3A9DE4FF4DE210CFE2A3C197 /* [CP] Check Pods Manifest.lock */,
				19160BDA1FD3383300A81172 /* Sources */,
				19160BDB1FD3383300A81172 /* Frameworks */,
				19160BDC1FD3383300A81172 /* Resources */,
				E9971FEA078544064F3927F0 /* [CP] Embed Pods Frameworks */,
				CD87382E0A67E9DEE74C8A7E /* [CP] Copy Pods Resources */,
			);
			buildRules = (
			);
			dependencies = (
				19160BE01FD3383300A81172 /* PBXTargetDependency */,
			);
			name = ParseChatCodePathTests;
			productName = ParseChatCodePathTests;
			productReference = 19160BDE1FD3383300A81172 /* ParseChatCodePathTests.xctest */;
			productType = "com.apple.product-type.bundle.unit-test";
		};
		19160BE81FD3383300A81172 /* ParseChatCodePathUITests */ = {
			isa = PBXNativeTarget;
			buildConfigurationList = 19160BF81FD3383300A81172 /* Build configuration list for PBXNativeTarget "ParseChatCodePathUITests" */;
			buildPhases = (
				479D0309E61729D003B9FC84 /* [CP] Check Pods Manifest.lock */,
				19160BE51FD3383300A81172 /* Sources */,
				19160BE61FD3383300A81172 /* Frameworks */,
				19160BE71FD3383300A81172 /* Resources */,
				D0922EFA5D0B83FFB4BC418E /* [CP] Embed Pods Frameworks */,
				D0B1F06B99BF8F35679459F5 /* [CP] Copy Pods Resources */,
			);
			buildRules = (
			);
			dependencies = (
				19160BEB1FD3383300A81172 /* PBXTargetDependency */,
			);
			name = ParseChatCodePathUITests;
			productName = ParseChatCodePathUITests;
			productReference = 19160BE91FD3383300A81172 /* ParseChatCodePathUITests.xctest */;
			productType = "com.apple.product-type.bundle.ui-testing";
		};
/* End PBXNativeTarget section */

/* Begin PBXProject section */
		19160BC21FD3383300A81172 /* Project object */ = {
			isa = PBXProject;
			attributes = {
				LastSwiftUpdateCheck = 0910;
				LastUpgradeCheck = 0910;
				ORGANIZATIONNAME = "Malvern Madondo";
				TargetAttributes = {
					19160BC91FD3383300A81172 = {
						CreatedOnToolsVersion = 9.1;
						ProvisioningStyle = Automatic;
					};
					19160BDD1FD3383300A81172 = {
						CreatedOnToolsVersion = 9.1;
						ProvisioningStyle = Automatic;
						TestTargetID = 19160BC91FD3383300A81172;
					};
					19160BE81FD3383300A81172 = {
						CreatedOnToolsVersion = 9.1;
						ProvisioningStyle = Automatic;
						TestTargetID = 19160BC91FD3383300A81172;
					};
				};
			};
			buildConfigurationList = 19160BC51FD3383300A81172 /* Build configuration list for PBXProject "ParseChatCodePath" */;
			compatibilityVersion = "Xcode 8.0";
			developmentRegion = en;
			hasScannedForEncodings = 0;
			knownRegions = (
				en,
				Base,
			);
			mainGroup = 19160BC11FD3383300A81172;
			productRefGroup = 19160BCB1FD3383300A81172 /* Products */;
			projectDirPath = "";
			projectRoot = "";
			targets = (
				19160BC91FD3383300A81172 /* ParseChatCodePath */,
				19160BDD1FD3383300A81172 /* ParseChatCodePathTests */,
				19160BE81FD3383300A81172 /* ParseChatCodePathUITests */,
			);
		};
/* End PBXProject section */

/* Begin PBXResourcesBuildPhase section */
		19160BC81FD3383300A81172 /* Resources */ = {
			isa = PBXResourcesBuildPhase;
			buildActionMask = 2147483647;
			files = (
				19160BD81FD3383300A81172 /* LaunchScreen.storyboard in Resources */,
				19160BD51FD3383300A81172 /* Assets.xcassets in Resources */,
				19160BD31FD3383300A81172 /* Main.storyboard in Resources */,
			);
			runOnlyForDeploymentPostprocessing = 0;
		};
		19160BDC1FD3383300A81172 /* Resources */ = {
			isa = PBXResourcesBuildPhase;
			buildActionMask = 2147483647;
			files = (
			);
			runOnlyForDeploymentPostprocessing = 0;
		};
		19160BE71FD3383300A81172 /* Resources */ = {
			isa = PBXResourcesBuildPhase;
			buildActionMask = 2147483647;
			files = (
			);
			runOnlyForDeploymentPostprocessing = 0;
		};
/* End PBXResourcesBuildPhase section */

/* Begin PBXShellScriptBuildPhase section */
		3A9DE4FF4DE210CFE2A3C197 /* [CP] Check Pods Manifest.lock */ = {
			isa = PBXShellScriptBuildPhase;
			buildActionMask = 2147483647;
			files = (
			);
			inputPaths = (
				"${PODS_PODFILE_DIR_PATH}/Podfile.lock",
				"${PODS_ROOT}/Manifest.lock",
			);
			name = "[CP] Check Pods Manifest.lock";
			outputPaths = (
				"$(DERIVED_FILE_DIR)/Pods-ParseChatCodePathTests-checkManifestLockResult.txt",
			);
			runOnlyForDeploymentPostprocessing = 0;
			shellPath = /bin/sh;
			shellScript = "diff \"${PODS_PODFILE_DIR_PATH}/Podfile.lock\" \"${PODS_ROOT}/Manifest.lock\" > /dev/null\nif [ $? != 0 ] ; then\n    # print error to STDERR\n    echo \"error: The sandbox is not in sync with the Podfile.lock. Run 'pod install' or update your CocoaPods installation.\" >&2\n    exit 1\nfi\n# This output is used by Xcode 'outputs' to avoid re-running this script phase.\necho \"SUCCESS\" > \"${SCRIPT_OUTPUT_FILE_0}\"\n";
			showEnvVarsInLog = 0;
		};
		479D0309E61729D003B9FC84 /* [CP] Check Pods Manifest.lock */ = {
			isa = PBXShellScriptBuildPhase;
			buildActionMask = 2147483647;
			files = (
			);
			inputPaths = (
				"${PODS_PODFILE_DIR_PATH}/Podfile.lock",
				"${PODS_ROOT}/Manifest.lock",
			);
			name = "[CP] Check Pods Manifest.lock";
			outputPaths = (
				"$(DERIVED_FILE_DIR)/Pods-ParseChatCodePathUITests-checkManifestLockResult.txt",
			);
			runOnlyForDeploymentPostprocessing = 0;
			shellPath = /bin/sh;
			shellScript = "diff \"${PODS_PODFILE_DIR_PATH}/Podfile.lock\" \"${PODS_ROOT}/Manifest.lock\" > /dev/null\nif [ $? != 0 ] ; then\n    # print error to STDERR\n    echo \"error: The sandbox is not in sync with the Podfile.lock. Run 'pod install' or update your CocoaPods installation.\" >&2\n    exit 1\nfi\n# This output is used by Xcode 'outputs' to avoid re-running this script phase.\necho \"SUCCESS\" > \"${SCRIPT_OUTPUT_FILE_0}\"\n";
			showEnvVarsInLog = 0;
		};
		4EF59DC2155BBC1294294FA7 /* [CP] Check Pods Manifest.lock */ = {
			isa = PBXShellScriptBuildPhase;
			buildActionMask = 2147483647;
			files = (
			);
			inputPaths = (
				"${PODS_PODFILE_DIR_PATH}/Podfile.lock",
				"${PODS_ROOT}/Manifest.lock",
			);
			name = "[CP] Check Pods Manifest.lock";
			outputPaths = (
				"$(DERIVED_FILE_DIR)/Pods-ParseChatCodePath-checkManifestLockResult.txt",
			);
			runOnlyForDeploymentPostprocessing = 0;
			shellPath = /bin/sh;
			shellScript = "diff \"${PODS_PODFILE_DIR_PATH}/Podfile.lock\" \"${PODS_ROOT}/Manifest.lock\" > /dev/null\nif [ $? != 0 ] ; then\n    # print error to STDERR\n    echo \"error: The sandbox is not in sync with the Podfile.lock. Run 'pod install' or update your CocoaPods installation.\" >&2\n    exit 1\nfi\n# This output is used by Xcode 'outputs' to avoid re-running this script phase.\necho \"SUCCESS\" > \"${SCRIPT_OUTPUT_FILE_0}\"\n";
			showEnvVarsInLog = 0;
		};
		B5037481D5FDB81182D2F106 /* [CP] Copy Pods Resources */ = {
			isa = PBXShellScriptBuildPhase;
			buildActionMask = 2147483647;
			files = (
			);
			inputPaths = (
			);
			name = "[CP] Copy Pods Resources";
			outputPaths = (
			);
			runOnlyForDeploymentPostprocessing = 0;
			shellPath = /bin/sh;
			shellScript = "\"${SRCROOT}/Pods/Target Support Files/Pods-ParseChatCodePath/Pods-ParseChatCodePath-resources.sh\"\n";
			showEnvVarsInLog = 0;
		};
		B6E7DB318C9F40E96C6A9F57 /* [CP] Embed Pods Frameworks */ = {
			isa = PBXShellScriptBuildPhase;
			buildActionMask = 2147483647;
			files = (
			);
			inputPaths = (
				"${SRCROOT}/Pods/Target Support Files/Pods-ParseChatCodePath/Pods-ParseChatCodePath-frameworks.sh",
				"${BUILT_PRODUCTS_DIR}/Bolts/Bolts.framework",
				"${BUILT_PRODUCTS_DIR}/Parse/Parse.framework",
			);
			name = "[CP] Embed Pods Frameworks";
			outputPaths = (
				"${TARGET_BUILD_DIR}/${FRAMEWORKS_FOLDER_PATH}/Bolts.framework",
				"${TARGET_BUILD_DIR}/${FRAMEWORKS_FOLDER_PATH}/Parse.framework",
			);
			runOnlyForDeploymentPostprocessing = 0;
			shellPath = /bin/sh;
			shellScript = "\"${SRCROOT}/Pods/Target Support Files/Pods-ParseChatCodePath/Pods-ParseChatCodePath-frameworks.sh\"\n";
			showEnvVarsInLog = 0;
		};
		CD87382E0A67E9DEE74C8A7E /* [CP] Copy Pods Resources */ = {
			isa = PBXShellScriptBuildPhase;
			buildActionMask = 2147483647;
			files = (
			);
			inputPaths = (
			);
			name = "[CP] Copy Pods Resources";
			outputPaths = (
			);
			runOnlyForDeploymentPostprocessing = 0;
			shellPath = /bin/sh;
			shellScript = "\"${SRCROOT}/Pods/Target Support Files/Pods-ParseChatCodePathTests/Pods-ParseChatCodePathTests-resources.sh\"\n";
			showEnvVarsInLog = 0;
		};
		D0922EFA5D0B83FFB4BC418E /* [CP] Embed Pods Frameworks */ = {
			isa = PBXShellScriptBuildPhase;
			buildActionMask = 2147483647;
			files = (
			);
			inputPaths = (
			);
			name = "[CP] Embed Pods Frameworks";
			outputPaths = (
			);
			runOnlyForDeploymentPostprocessing = 0;
			shellPath = /bin/sh;
			shellScript = "\"${SRCROOT}/Pods/Target Support Files/Pods-ParseChatCodePathUITests/Pods-ParseChatCodePathUITests-frameworks.sh\"\n";
			showEnvVarsInLog = 0;
		};
		D0B1F06B99BF8F35679459F5 /* [CP] Copy Pods Resources */ = {
			isa = PBXShellScriptBuildPhase;
			buildActionMask = 2147483647;
			files = (
			);
			inputPaths = (
			);
			name = "[CP] Copy Pods Resources";
			outputPaths = (
			);
			runOnlyForDeploymentPostprocessing = 0;
			shellPath = /bin/sh;
			shellScript = "\"${SRCROOT}/Pods/Target Support Files/Pods-ParseChatCodePathUITests/Pods-ParseChatCodePathUITests-resources.sh\"\n";
			showEnvVarsInLog = 0;
		};
		E9971FEA078544064F3927F0 /* [CP] Embed Pods Frameworks */ = {
			isa = PBXShellScriptBuildPhase;
			buildActionMask = 2147483647;
			files = (
			);
			inputPaths = (
			);
			name = "[CP] Embed Pods Frameworks";
			outputPaths = (
			);
			runOnlyForDeploymentPostprocessing = 0;
			shellPath = /bin/sh;
			shellScript = "\"${SRCROOT}/Pods/Target Support Files/Pods-ParseChatCodePathTests/Pods-ParseChatCodePathTests-frameworks.sh\"\n";
			showEnvVarsInLog = 0;
		};
/* End PBXShellScriptBuildPhase section */

/* Begin PBXSourcesBuildPhase section */
		19160BC61FD3383300A81172 /* Sources */ = {
			isa = PBXSourcesBuildPhase;
			buildActionMask = 2147483647;
			files = (
				19160BFC1FD33A2C00A81172 /* LoginViewController.swift in Sources */,
				19160C011FD34F7800A81172 /* ChatCell.swift in Sources */,
				19160BFE1FD3438000A81172 /* ChatViewController.swift in Sources */,
				19160BCE1FD3383300A81172 /* AppDelegate.swift in Sources */,
			);
			runOnlyForDeploymentPostprocessing = 0;
		};
		19160BDA1FD3383300A81172 /* Sources */ = {
			isa = PBXSourcesBuildPhase;
			buildActionMask = 2147483647;
			files = (
				19160BE31FD3383300A81172 /* ParseChatCodePathTests.swift in Sources */,
			);
			runOnlyForDeploymentPostprocessing = 0;
		};
		19160BE51FD3383300A81172 /* Sources */ = {
			isa = PBXSourcesBuildPhase;
			buildActionMask = 2147483647;
			files = (
				19160BEE1FD3383300A81172 /* ParseChatCodePathUITests.swift in Sources */,
			);
			runOnlyForDeploymentPostprocessing = 0;
		};
/* End PBXSourcesBuildPhase section */

/* Begin PBXTargetDependency section */
		19160BE01FD3383300A81172 /* PBXTargetDependency */ = {
			isa = PBXTargetDependency;
			target = 19160BC91FD3383300A81172 /* ParseChatCodePath */;
			targetProxy = 19160BDF1FD3383300A81172 /* PBXContainerItemProxy */;
		};
		19160BEB1FD3383300A81172 /* PBXTargetDependency */ = {
			isa = PBXTargetDependency;
			target = 19160BC91FD3383300A81172 /* ParseChatCodePath */;
			targetProxy = 19160BEA1FD3383300A81172 /* PBXContainerItemProxy */;
		};
/* End PBXTargetDependency section */

/* Begin PBXVariantGroup section */
		19160BD11FD3383300A81172 /* Main.storyboard */ = {
			isa = PBXVariantGroup;
			children = (
				19160BD21FD3383300A81172 /* Base */,
			);
			name = Main.storyboard;
			sourceTree = "<group>";
		};
		19160BD61FD3383300A81172 /* LaunchScreen.storyboard */ = {
			isa = PBXVariantGroup;
			children = (
				19160BD71FD3383300A81172 /* Base */,
			);
			name = LaunchScreen.storyboard;
			sourceTree = "<group>";
		};
/* End PBXVariantGroup section */

/* Begin XCBuildConfiguration section */
		19160BF01FD3383300A81172 /* Debug */ = {
			isa = XCBuildConfiguration;
			buildSettings = {
				ALWAYS_SEARCH_USER_PATHS = NO;
				CLANG_ANALYZER_NONNULL = YES;
				CLANG_ANALYZER_NUMBER_OBJECT_CONVERSION = YES_AGGRESSIVE;
				CLANG_CXX_LANGUAGE_STANDARD = "gnu++14";
				CLANG_CXX_LIBRARY = "libc++";
				CLANG_ENABLE_MODULES = YES;
				CLANG_ENABLE_OBJC_ARC = YES;
				CLANG_WARN_BLOCK_CAPTURE_AUTORELEASING = YES;
				CLANG_WARN_BOOL_CONVERSION = YES;
				CLANG_WARN_COMMA = YES;
				CLANG_WARN_CONSTANT_CONVERSION = YES;
				CLANG_WARN_DIRECT_OBJC_ISA_USAGE = YES_ERROR;
				CLANG_WARN_DOCUMENTATION_COMMENTS = YES;
				CLANG_WARN_EMPTY_BODY = YES;
				CLANG_WARN_ENUM_CONVERSION = YES;
				CLANG_WARN_INFINITE_RECURSION = YES;
				CLANG_WARN_INT_CONVERSION = YES;
				CLANG_WARN_NON_LITERAL_NULL_CONVERSION = YES;
				CLANG_WARN_OBJC_LITERAL_CONVERSION = YES;
				CLANG_WARN_OBJC_ROOT_CLASS = YES_ERROR;
				CLANG_WARN_RANGE_LOOP_ANALYSIS = YES;
				CLANG_WARN_STRICT_PROTOTYPES = YES;
				CLANG_WARN_SUSPICIOUS_MOVE = YES;
				CLANG_WARN_UNGUARDED_AVAILABILITY = YES_AGGRESSIVE;
				CLANG_WARN_UNREACHABLE_CODE = YES;
				CLANG_WARN__DUPLICATE_METHOD_MATCH = YES;
				CODE_SIGN_IDENTITY = "iPhone Developer";
				COPY_PHASE_STRIP = NO;
				DEBUG_INFORMATION_FORMAT = dwarf;
				ENABLE_STRICT_OBJC_MSGSEND = YES;
				ENABLE_TESTABILITY = YES;
				GCC_C_LANGUAGE_STANDARD = gnu11;
				GCC_DYNAMIC_NO_PIC = NO;
				GCC_NO_COMMON_BLOCKS = YES;
				GCC_OPTIMIZATION_LEVEL = 0;
				GCC_PREPROCESSOR_DEFINITIONS = (
					"DEBUG=1",
					"$(inherited)",
				);
				GCC_WARN_64_TO_32_BIT_CONVERSION = YES;
				GCC_WARN_ABOUT_RETURN_TYPE = YES_ERROR;
				GCC_WARN_UNDECLARED_SELECTOR = YES;
				GCC_WARN_UNINITIALIZED_AUTOS = YES_AGGRESSIVE;
				GCC_WARN_UNUSED_FUNCTION = YES;
				GCC_WARN_UNUSED_VARIABLE = YES;
				IPHONEOS_DEPLOYMENT_TARGET = 11.1;
				MTL_ENABLE_DEBUG_INFO = YES;
				ONLY_ACTIVE_ARCH = YES;
				SDKROOT = iphoneos;
				SWIFT_ACTIVE_COMPILATION_CONDITIONS = DEBUG;
				SWIFT_OPTIMIZATION_LEVEL = "-Onone";
			};
			name = Debug;
		};
		19160BF11FD3383300A81172 /* Release */ = {
			isa = XCBuildConfiguration;
			buildSettings = {
				ALWAYS_SEARCH_USER_PATHS = NO;
				CLANG_ANALYZER_NONNULL = YES;
				CLANG_ANALYZER_NUMBER_OBJECT_CONVERSION = YES_AGGRESSIVE;
				CLANG_CXX_LANGUAGE_STANDARD = "gnu++14";
				CLANG_CXX_LIBRARY = "libc++";
				CLANG_ENABLE_MODULES = YES;
				CLANG_ENABLE_OBJC_ARC = YES;
				CLANG_WARN_BLOCK_CAPTURE_AUTORELEASING = YES;
				CLANG_WARN_BOOL_CONVERSION = YES;
				CLANG_WARN_COMMA = YES;
				CLANG_WARN_CONSTANT_CONVERSION = YES;
				CLANG_WARN_DIRECT_OBJC_ISA_USAGE = YES_ERROR;
				CLANG_WARN_DOCUMENTATION_COMMENTS = YES;
				CLANG_WARN_EMPTY_BODY = YES;
				CLANG_WARN_ENUM_CONVERSION = YES;
				CLANG_WARN_INFINITE_RECURSION = YES;
				CLANG_WARN_INT_CONVERSION = YES;
				CLANG_WARN_NON_LITERAL_NULL_CONVERSION = YES;
				CLANG_WARN_OBJC_LITERAL_CONVERSION = YES;
				CLANG_WARN_OBJC_ROOT_CLASS = YES_ERROR;
				CLANG_WARN_RANGE_LOOP_ANALYSIS = YES;
				CLANG_WARN_STRICT_PROTOTYPES = YES;
				CLANG_WARN_SUSPICIOUS_MOVE = YES;
				CLANG_WARN_UNGUARDED_AVAILABILITY = YES_AGGRESSIVE;
				CLANG_WARN_UNREACHABLE_CODE = YES;
				CLANG_WARN__DUPLICATE_METHOD_MATCH = YES;
				CODE_SIGN_IDENTITY = "iPhone Developer";
				COPY_PHASE_STRIP = NO;
				DEBUG_INFORMATION_FORMAT = "dwarf-with-dsym";
				ENABLE_NS_ASSERTIONS = NO;
				ENABLE_STRICT_OBJC_MSGSEND = YES;
				GCC_C_LANGUAGE_STANDARD = gnu11;
				GCC_NO_COMMON_BLOCKS = YES;
				GCC_WARN_64_TO_32_BIT_CONVERSION = YES;
				GCC_WARN_ABOUT_RETURN_TYPE = YES_ERROR;
				GCC_WARN_UNDECLARED_SELECTOR = YES;
				GCC_WARN_UNINITIALIZED_AUTOS = YES_AGGRESSIVE;
				GCC_WARN_UNUSED_FUNCTION = YES;
				GCC_WARN_UNUSED_VARIABLE = YES;
				IPHONEOS_DEPLOYMENT_TARGET = 11.1;
				MTL_ENABLE_DEBUG_INFO = NO;
				SDKROOT = iphoneos;
				SWIFT_OPTIMIZATION_LEVEL = "-Owholemodule";
				VALIDATE_PRODUCT = YES;
			};
			name = Release;
		};
		19160BF31FD3383300A81172 /* Debug */ = {
			isa = XCBuildConfiguration;
			baseConfigurationReference = 8DB31D3B5F5C9AAFE43E9A14 /* Pods-ParseChatCodePath.debug.xcconfig */;
			buildSettings = {
				ASSETCATALOG_COMPILER_APPICON_NAME = AppIcon;
				CODE_SIGN_STYLE = Automatic;
				DEVELOPMENT_TEAM = JPLF4RZQB9;
				INFOPLIST_FILE = ParseChatCodePath/Info.plist;
				LD_RUNPATH_SEARCH_PATHS = "$(inherited) @executable_path/Frameworks";
				PRODUCT_BUNDLE_IDENTIFIER = com.malvern.ParseChatCodePath;
				PRODUCT_NAME = "$(TARGET_NAME)";
				SWIFT_VERSION = 4.0;
				TARGETED_DEVICE_FAMILY = "1,2";
			};
			name = Debug;
		};
		19160BF41FD3383300A81172 /* Release */ = {
			isa = XCBuildConfiguration;
			baseConfigurationReference = 04ACADEF869283610A18E5A7 /* Pods-ParseChatCodePath.release.xcconfig */;
			buildSettings = {
				ASSETCATALOG_COMPILER_APPICON_NAME = AppIcon;
				CODE_SIGN_STYLE = Automatic;
				DEVELOPMENT_TEAM = JPLF4RZQB9;
				INFOPLIST_FILE = ParseChatCodePath/Info.plist;
				LD_RUNPATH_SEARCH_PATHS = "$(inherited) @executable_path/Frameworks";
				PRODUCT_BUNDLE_IDENTIFIER = com.malvern.ParseChatCodePath;
				PRODUCT_NAME = "$(TARGET_NAME)";
				SWIFT_VERSION = 4.0;
				TARGETED_DEVICE_FAMILY = "1,2";
			};
			name = Release;
		};
		19160BF61FD3383300A81172 /* Debug */ = {
			isa = XCBuildConfiguration;
			baseConfigurationReference = 77A03CB1583828F840A4F3A2 /* Pods-ParseChatCodePathTests.debug.xcconfig */;
			buildSettings = {
				ALWAYS_EMBED_SWIFT_STANDARD_LIBRARIES = YES;
				BUNDLE_LOADER = "$(TEST_HOST)";
				CODE_SIGN_STYLE = Automatic;
				DEVELOPMENT_TEAM = JPLF4RZQB9;
				INFOPLIST_FILE = ParseChatCodePathTests/Info.plist;
				LD_RUNPATH_SEARCH_PATHS = "$(inherited) @executable_path/Frameworks @loader_path/Frameworks";
				PRODUCT_BUNDLE_IDENTIFIER = com.malvern.ParseChatCodePathTests;
				PRODUCT_NAME = "$(TARGET_NAME)";
				SWIFT_VERSION = 4.0;
				TARGETED_DEVICE_FAMILY = "1,2";
				TEST_HOST = "$(BUILT_PRODUCTS_DIR)/ParseChatCodePath.app/ParseChatCodePath";
			};
			name = Debug;
		};
		19160BF71FD3383300A81172 /* Release */ = {
			isa = XCBuildConfiguration;
			baseConfigurationReference = 43BF31A49037C83CCE293370 /* Pods-ParseChatCodePathTests.release.xcconfig */;
			buildSettings = {
				ALWAYS_EMBED_SWIFT_STANDARD_LIBRARIES = YES;
				BUNDLE_LOADER = "$(TEST_HOST)";
				CODE_SIGN_STYLE = Automatic;
				DEVELOPMENT_TEAM = JPLF4RZQB9;
				INFOPLIST_FILE = ParseChatCodePathTests/Info.plist;
				LD_RUNPATH_SEARCH_PATHS = "$(inherited) @executable_path/Frameworks @loader_path/Frameworks";
				PRODUCT_BUNDLE_IDENTIFIER = com.malvern.ParseChatCodePathTests;
				PRODUCT_NAME = "$(TARGET_NAME)";
				SWIFT_VERSION = 4.0;
				TARGETED_DEVICE_FAMILY = "1,2";
				TEST_HOST = "$(BUILT_PRODUCTS_DIR)/ParseChatCodePath.app/ParseChatCodePath";
			};
			name = Release;
		};
		19160BF91FD3383300A81172 /* Debug */ = {
			isa = XCBuildConfiguration;
			baseConfigurationReference = 5E334FD2B28013A9CED9F610 /* Pods-ParseChatCodePathUITests.debug.xcconfig */;
			buildSettings = {
				ALWAYS_EMBED_SWIFT_STANDARD_LIBRARIES = YES;
				CODE_SIGN_STYLE = Automatic;
				DEVELOPMENT_TEAM = JPLF4RZQB9;
				INFOPLIST_FILE = ParseChatCodePathUITests/Info.plist;
				LD_RUNPATH_SEARCH_PATHS = "$(inherited) @executable_path/Frameworks @loader_path/Frameworks";
				PRODUCT_BUNDLE_IDENTIFIER = com.malvern.ParseChatCodePathUITests;
				PRODUCT_NAME = "$(TARGET_NAME)";
				SWIFT_VERSION = 4.0;
				TARGETED_DEVICE_FAMILY = "1,2";
				TEST_TARGET_NAME = ParseChatCodePath;
			};
			name = Debug;
		};
		19160BFA1FD3383300A81172 /* Release */ = {
			isa = XCBuildConfiguration;
			baseConfigurationReference = 3FEC68234FEB97308A3E997D /* Pods-ParseChatCodePathUITests.release.xcconfig */;
			buildSettings = {
				ALWAYS_EMBED_SWIFT_STANDARD_LIBRARIES = YES;
				CODE_SIGN_STYLE = Automatic;
				DEVELOPMENT_TEAM = JPLF4RZQB9;
				INFOPLIST_FILE = ParseChatCodePathUITests/Info.plist;
				LD_RUNPATH_SEARCH_PATHS = "$(inherited) @executable_path/Frameworks @loader_path/Frameworks";
				PRODUCT_BUNDLE_IDENTIFIER = com.malvern.ParseChatCodePathUITests;
				PRODUCT_NAME = "$(TARGET_NAME)";
				SWIFT_VERSION = 4.0;
				TARGETED_DEVICE_FAMILY = "1,2";
				TEST_TARGET_NAME = ParseChatCodePath;
			};
			name = Release;
		};
/* End XCBuildConfiguration section */

/* Begin XCConfigurationList section */
		19160BC51FD3383300A81172 /* Build configuration list for PBXProject "ParseChatCodePath" */ = {
			isa = XCConfigurationList;
			buildConfigurations = (
				19160BF01FD3383300A81172 /* Debug */,
				19160BF11FD3383300A81172 /* Release */,
			);
			defaultConfigurationIsVisible = 0;
			defaultConfigurationName = Release;
		};
		19160BF21FD3383300A81172 /* Build configuration list for PBXNativeTarget "ParseChatCodePath" */ = {
			isa = XCConfigurationList;
			buildConfigurations = (
				19160BF31FD3383300A81172 /* Debug */,
				19160BF41FD3383300A81172 /* Release */,
			);
			defaultConfigurationIsVisible = 0;
			defaultConfigurationName = Release;
		};
		19160BF51FD3383300A81172 /* Build configuration list for PBXNativeTarget "ParseChatCodePathTests" */ = {
			isa = XCConfigurationList;
			buildConfigurations = (
				19160BF61FD3383300A81172 /* Debug */,
				19160BF71FD3383300A81172 /* Release */,
			);
			defaultConfigurationIsVisible = 0;
			defaultConfigurationName = Release;
		};
		19160BF81FD3383300A81172 /* Build configuration list for PBXNativeTarget "ParseChatCodePathUITests" */ = {
			isa = XCConfigurationList;
			buildConfigurations = (
				19160BF91FD3383300A81172 /* Debug */,
				19160BFA1FD3383300A81172 /* Release */,
			);
			defaultConfigurationIsVisible = 0;
			defaultConfigurationName = Release;
		};
/* End XCConfigurationList section */
	};
	rootObject = 19160BC21FD3383300A81172 /* Project object */;
}
